
Microsoft Visual Studio Solution File, Format Version 12.00
# Visual Studio Version 16
VisualStudioVersion = 16.0.32106.194
MinimumVisualStudioVersion = 10.0.40219.1
Project("{FAE04EC0-301F-11D3-BF4B-00C04F79EFBC}") = "Switch_case", "Switch_case\Switch_case.csproj", "{89FFEE9F-7A80-4FD3-96DC-93E2341AFB1E}"
EndProject
Global
	GlobalSection(SolutionConfigurationPlatforms) = preSolution
		Debug|Any CPU = Debug|Any CPU
		Release|Any CPU = Release|Any CPU
	EndGlobalSection
	GlobalSection(ProjectConfigurationPlatforms) = postSolution
		{89FFEE9F-7A80-4FD3-96DC-93E2341AFB1E}.Debug|Any CPU.ActiveCfg = Debug|Any CPU
		{89FFEE9F-7A80-4FD3-96DC-93E2341AFB1E}.Debug|Any CPU.Build.0 = Debug|Any CPU
		{89FFEE9F-7A80-4FD3-96DC-93E2341AFB1E}.Release|Any CPU.ActiveCfg = Release|Any CPU
		{89FFEE9F-7A80-4FD3-96DC-93E2341AFB1E}.Release|Any CPU.Build.0 = Release|Any CPU
	EndGlobalSection
	GlobalSection(SolutionProperties) = preSolution
		HideSolutionNode = FALSE
	EndGlobalSection
	GlobalSection(ExtensibilityGlobals) = postSolution
		SolutionGuid = {7F7C1724-D53A-4412-B1C3-399FA6C1A1E2}
	EndGlobalSection
EndGlobal
