
Microsoft Visual Studio Solution File, Format Version 12.00
# Visual Studio Version 16
VisualStudioVersion = 16.0.32106.194
MinimumVisualStudioVersion = 10.0.40219.1
Project("{FAE04EC0-301F-11D3-BF4B-00C04F79EFBC}") = "String Exercise", "String Exercise\String Exercise.csproj", "{2C3BFC0A-6172-4994-B9D6-87F4D0A62556}"
EndProject
Global
	GlobalSection(SolutionConfigurationPlatforms) = preSolution
		Debug|Any CPU = Debug|Any CPU
		Release|Any CPU = Release|Any CPU
	EndGlobalSection
	GlobalSection(ProjectConfigurationPlatforms) = postSolution
		{2C3BFC0A-6172-4994-B9D6-87F4D0A62556}.Debug|Any CPU.ActiveCfg = Debug|Any CPU
		{2C3BFC0A-6172-4994-B9D6-87F4D0A62556}.Debug|Any CPU.Build.0 = Debug|Any CPU
		{2C3BFC0A-6172-4994-B9D6-87F4D0A62556}.Release|Any CPU.ActiveCfg = Release|Any CPU
		{2C3BFC0A-6172-4994-B9D6-87F4D0A62556}.Release|Any CPU.Build.0 = Release|Any CPU
	EndGlobalSection
	GlobalSection(SolutionProperties) = preSolution
		HideSolutionNode = FALSE
	EndGlobalSection
	GlobalSection(ExtensibilityGlobals) = postSolution
		SolutionGuid = {260B3A26-F7E0-410E-8CC2-909855BBA0B2}
	EndGlobalSection
EndGlobal
