
Microsoft Visual Studio Solution File, Format Version 12.00
# Visual Studio Version 16
VisualStudioVersion = 16.0.32106.194
MinimumVisualStudioVersion = 10.0.40219.1
Project("{FAE04EC0-301F-11D3-BF4B-00C04F79EFBC}") = "ContextMenuStripUsage", "ContextMenuStripUsage\ContextMenuStripUsage.csproj", "{3486FCDE-C40F-4610-9BCA-FA3D57D244FD}"
EndProject
Global
	GlobalSection(SolutionConfigurationPlatforms) = preSolution
		Debug|Any CPU = Debug|Any CPU
		Release|Any CPU = Release|Any CPU
	EndGlobalSection
	GlobalSection(ProjectConfigurationPlatforms) = postSolution
		{3486FCDE-C40F-4610-9BCA-FA3D57D244FD}.Debug|Any CPU.ActiveCfg = Debug|Any CPU
		{3486FCDE-C40F-4610-9BCA-FA3D57D244FD}.Debug|Any CPU.Build.0 = Debug|Any CPU
		{3486FCDE-C40F-4610-9BCA-FA3D57D244FD}.Release|Any CPU.ActiveCfg = Release|Any CPU
		{3486FCDE-C40F-4610-9BCA-FA3D57D244FD}.Release|Any CPU.Build.0 = Release|Any CPU
	EndGlobalSection
	GlobalSection(SolutionProperties) = preSolution
		HideSolutionNode = FALSE
	EndGlobalSection
	GlobalSection(ExtensibilityGlobals) = postSolution
		SolutionGuid = {D7E0F21E-6DF3-4ABE-80EF-9E13ED27EAB3}
	EndGlobalSection
EndGlobal
