
Microsoft Visual Studio Solution File, Format Version 12.00
# Visual Studio Version 16
VisualStudioVersion = 16.0.32106.194
MinimumVisualStudioVersion = 10.0.40219.1
Project("{FAE04EC0-301F-11D3-BF4B-00C04F79EFBC}") = "Tool Usage", "Tool Usage\Tool Usage.csproj", "{D2B39657-DD0D-47A7-B5BE-6D856BB8611A}"
EndProject
Global
	GlobalSection(SolutionConfigurationPlatforms) = preSolution
		Debug|Any CPU = Debug|Any CPU
		Release|Any CPU = Release|Any CPU
	EndGlobalSection
	GlobalSection(ProjectConfigurationPlatforms) = postSolution
		{D2B39657-DD0D-47A7-B5BE-6D856BB8611A}.Debug|Any CPU.ActiveCfg = Debug|Any CPU
		{D2B39657-DD0D-47A7-B5BE-6D856BB8611A}.Debug|Any CPU.Build.0 = Debug|Any CPU
		{D2B39657-DD0D-47A7-B5BE-6D856BB8611A}.Release|Any CPU.ActiveCfg = Release|Any CPU
		{D2B39657-DD0D-47A7-B5BE-6D856BB8611A}.Release|Any CPU.Build.0 = Release|Any CPU
	EndGlobalSection
	GlobalSection(SolutionProperties) = preSolution
		HideSolutionNode = FALSE
	EndGlobalSection
	GlobalSection(ExtensibilityGlobals) = postSolution
		SolutionGuid = {26A559C1-9138-4B94-B982-EFF36860EF4C}
	EndGlobalSection
EndGlobal
