
Microsoft Visual Studio Solution File, Format Version 12.00
# Visual Studio Version 16
VisualStudioVersion = 16.0.32106.194
MinimumVisualStudioVersion = 10.0.40219.1
Project("{FAE04EC0-301F-11D3-BF4B-00C04F79EFBC}") = "cinema kiosk sales app  Basic", "cinema kiosk sales app  Basic\cinema kiosk sales app  Basic.csproj", "{F7CCA7C7-8FDF-4E57-9693-EA2C4DE946F9}"
EndProject
Global
	GlobalSection(SolutionConfigurationPlatforms) = preSolution
		Debug|Any CPU = Debug|Any CPU
		Release|Any CPU = Release|Any CPU
	EndGlobalSection
	GlobalSection(ProjectConfigurationPlatforms) = postSolution
		{F7CCA7C7-8FDF-4E57-9693-EA2C4DE946F9}.Debug|Any CPU.ActiveCfg = Debug|Any CPU
		{F7CCA7C7-8FDF-4E57-9693-EA2C4DE946F9}.Debug|Any CPU.Build.0 = Debug|Any CPU
		{F7CCA7C7-8FDF-4E57-9693-EA2C4DE946F9}.Release|Any CPU.ActiveCfg = Release|Any CPU
		{F7CCA7C7-8FDF-4E57-9693-EA2C4DE946F9}.Release|Any CPU.Build.0 = Release|Any CPU
	EndGlobalSection
	GlobalSection(SolutionProperties) = preSolution
		HideSolutionNode = FALSE
	EndGlobalSection
	GlobalSection(ExtensibilityGlobals) = postSolution
		SolutionGuid = {214E8B61-D36E-47D4-955C-579B52FD5824}
	EndGlobalSection
EndGlobal
