
Microsoft Visual Studio Solution File, Format Version 12.00
# Visual Studio Version 16
VisualStudioVersion = 16.0.32106.194
MinimumVisualStudioVersion = 10.0.40219.1
Project("{FAE04EC0-301F-11D3-BF4B-00C04F79EFBC}") = "point structure", "point structure\point structure.csproj", "{CF9EF607-4912-4B52-92EC-BFC071691474}"
EndProject
Global
	GlobalSection(SolutionConfigurationPlatforms) = preSolution
		Debug|Any CPU = Debug|Any CPU
		Release|Any CPU = Release|Any CPU
	EndGlobalSection
	GlobalSection(ProjectConfigurationPlatforms) = postSolution
		{CF9EF607-4912-4B52-92EC-BFC071691474}.Debug|Any CPU.ActiveCfg = Debug|Any CPU
		{CF9EF607-4912-4B52-92EC-BFC071691474}.Debug|Any CPU.Build.0 = Debug|Any CPU
		{CF9EF607-4912-4B52-92EC-BFC071691474}.Release|Any CPU.ActiveCfg = Release|Any CPU
		{CF9EF607-4912-4B52-92EC-BFC071691474}.Release|Any CPU.Build.0 = Release|Any CPU
	EndGlobalSection
	GlobalSection(SolutionProperties) = preSolution
		HideSolutionNode = FALSE
	EndGlobalSection
	GlobalSection(ExtensibilityGlobals) = postSolution
		SolutionGuid = {08EB0B48-B922-492C-8719-9EAAF41AA8AA}
	EndGlobalSection
EndGlobal
