
Microsoft Visual Studio Solution File, Format Version 12.00
# Visual Studio Version 16
VisualStudioVersion = 16.0.32106.194
MinimumVisualStudioVersion = 10.0.40219.1
Project("{FAE04EC0-301F-11D3-BF4B-00C04F79EFBC}") = "Enum Structure", "Enum Structure\Enum Structure.csproj", "{64E49B09-459D-400C-922F-5D583B183DCB}"
EndProject
Global
	GlobalSection(SolutionConfigurationPlatforms) = preSolution
		Debug|Any CPU = Debug|Any CPU
		Release|Any CPU = Release|Any CPU
	EndGlobalSection
	GlobalSection(ProjectConfigurationPlatforms) = postSolution
		{64E49B09-459D-400C-922F-5D583B183DCB}.Debug|Any CPU.ActiveCfg = Debug|Any CPU
		{64E49B09-459D-400C-922F-5D583B183DCB}.Debug|Any CPU.Build.0 = Debug|Any CPU
		{64E49B09-459D-400C-922F-5D583B183DCB}.Release|Any CPU.ActiveCfg = Release|Any CPU
		{64E49B09-459D-400C-922F-5D583B183DCB}.Release|Any CPU.Build.0 = Release|Any CPU
	EndGlobalSection
	GlobalSection(SolutionProperties) = preSolution
		HideSolutionNode = FALSE
	EndGlobalSection
	GlobalSection(ExtensibilityGlobals) = postSolution
		SolutionGuid = {8FC58D94-F3F5-40E0-A8E4-9CEFE6A2D722}
	EndGlobalSection
EndGlobal
