
Microsoft Visual Studio Solution File, Format Version 12.00
# Visual Studio Version 16
VisualStudioVersion = 16.0.32106.194
MinimumVisualStudioVersion = 10.0.40219.1
Project("{FAE04EC0-301F-11D3-BF4B-00C04F79EFBC}") = "ConsoleApp1", "ConsoleApp1\ConsoleApp1.csproj", "{B1A6EF90-45C0-430E-BF08-D414C2C94049}"
EndProject
Global
	GlobalSection(SolutionConfigurationPlatforms) = preSolution
		Debug|Any CPU = Debug|Any CPU
		Release|Any CPU = Release|Any CPU
	EndGlobalSection
	GlobalSection(ProjectConfigurationPlatforms) = postSolution
		{B1A6EF90-45C0-430E-BF08-D414C2C94049}.Debug|Any CPU.ActiveCfg = Debug|Any CPU
		{B1A6EF90-45C0-430E-BF08-D414C2C94049}.Debug|Any CPU.Build.0 = Debug|Any CPU
		{B1A6EF90-45C0-430E-BF08-D414C2C94049}.Release|Any CPU.ActiveCfg = Release|Any CPU
		{B1A6EF90-45C0-430E-BF08-D414C2C94049}.Release|Any CPU.Build.0 = Release|Any CPU
	EndGlobalSection
	GlobalSection(SolutionProperties) = preSolution
		HideSolutionNode = FALSE
	EndGlobalSection
	GlobalSection(ExtensibilityGlobals) = postSolution
		SolutionGuid = {53A8C36F-20F0-4B2F-BBED-5D164FC2A5D6}
	EndGlobalSection
EndGlobal
