
Microsoft Visual Studio Solution File, Format Version 12.00
# Visual Studio Version 16
VisualStudioVersion = 16.0.32106.194
MinimumVisualStudioVersion = 10.0.40219.1
Project("{FAE04EC0-301F-11D3-BF4B-00C04F79EFBC}") = "digital clock with timer", "digital clock with timer\digital clock with timer.csproj", "{D43462F7-01F7-46AC-B6DE-16161FC3AFEB}"
EndProject
Global
	GlobalSection(SolutionConfigurationPlatforms) = preSolution
		Debug|Any CPU = Debug|Any CPU
		Release|Any CPU = Release|Any CPU
	EndGlobalSection
	GlobalSection(ProjectConfigurationPlatforms) = postSolution
		{D43462F7-01F7-46AC-B6DE-16161FC3AFEB}.Debug|Any CPU.ActiveCfg = Debug|Any CPU
		{D43462F7-01F7-46AC-B6DE-16161FC3AFEB}.Debug|Any CPU.Build.0 = Debug|Any CPU
		{D43462F7-01F7-46AC-B6DE-16161FC3AFEB}.Release|Any CPU.ActiveCfg = Release|Any CPU
		{D43462F7-01F7-46AC-B6DE-16161FC3AFEB}.Release|Any CPU.Build.0 = Release|Any CPU
	EndGlobalSection
	GlobalSection(SolutionProperties) = preSolution
		HideSolutionNode = FALSE
	EndGlobalSection
	GlobalSection(ExtensibilityGlobals) = postSolution
		SolutionGuid = {76972047-7FB2-4D0D-BAE6-F6AE36B3CB78}
	EndGlobalSection
EndGlobal
