
Microsoft Visual Studio Solution File, Format Version 12.00
# Visual Studio Version 16
VisualStudioVersion = 16.0.32106.194
MinimumVisualStudioVersion = 10.0.40219.1
Project("{FAE04EC0-301F-11D3-BF4B-00C04F79EFBC}") = "Menu Strip Usage", "Menu Strip Usage\Menu Strip Usage.csproj", "{C3B6915F-B44B-474C-B6F9-D849AF7334AB}"
EndProject
Global
	GlobalSection(SolutionConfigurationPlatforms) = preSolution
		Debug|Any CPU = Debug|Any CPU
		Release|Any CPU = Release|Any CPU
	EndGlobalSection
	GlobalSection(ProjectConfigurationPlatforms) = postSolution
		{C3B6915F-B44B-474C-B6F9-D849AF7334AB}.Debug|Any CPU.ActiveCfg = Debug|Any CPU
		{C3B6915F-B44B-474C-B6F9-D849AF7334AB}.Debug|Any CPU.Build.0 = Debug|Any CPU
		{C3B6915F-B44B-474C-B6F9-D849AF7334AB}.Release|Any CPU.ActiveCfg = Release|Any CPU
		{C3B6915F-B44B-474C-B6F9-D849AF7334AB}.Release|Any CPU.Build.0 = Release|Any CPU
	EndGlobalSection
	GlobalSection(SolutionProperties) = preSolution
		HideSolutionNode = FALSE
	EndGlobalSection
	GlobalSection(ExtensibilityGlobals) = postSolution
		SolutionGuid = {400FF61D-697B-4D5F-A3A6-9BD7548B67A7}
	EndGlobalSection
EndGlobal
